version = 1
revision = 3
requires-python = ">=3.13"

[[package]]
name = "2025-11-18-duckdb-1-tb"
version = "0.1.0"
source = { virtual = "." }
dependencies = [
    { name = "duckdb" },
    { name = "pyspark" },
]

[package.metadata]
requires-dist = [
    { name = "duckdb", specifier = ">=1.4.2" },
    { name = "pyspark", specifier = "==4.0.1" },
]

[[package]]
name = "duckdb"
version = "1.4.2"
source = { registry = "https://pypi.org/simple" }
sdist = { url = "https://files.pythonhosted.org/packages/81/99/ac6c105118751cc3ccae980b12e44847273f3402e647ec3197aff2251e23/duckdb-1.4.2.tar.gz", hash = "sha256:df81acee3b15ecb2c72eb8f8579fb5922f6f56c71f5c8892ea3bc6fab39aa2c4", size = 18469786, upload-time = "2025-11-12T13:18:04.203Z" }
wheels = [
    { url = "https://files.pythonhosted.org/packages/70/c4/5054dbe79cf570b0c97db0c2eba7eb541cc561037360479059a3b57e4a32/duckdb-1.4.2-cp313-cp313-macosx_10_13_universal2.whl", hash = "sha256:de646227fc2c53101ac84e86e444e7561aa077387aca8b37052f3803ee690a17", size = 29015784, upload-time = "2025-11-12T13:17:14.409Z" },
    { url = "https://files.pythonhosted.org/packages/2c/b8/97f4f07d9459f5d262751cccfb2f4256debb8fe5ca92370cebe21aab1ee2/duckdb-1.4.2-cp313-cp313-macosx_10_13_x86_64.whl", hash = "sha256:f1fac31babda2045d4cdefe6d0fd2ebdd8d4c2a333fbcc11607cfeaec202d18d", size = 15403788, upload-time = "2025-11-12T13:17:16.864Z" },
    { url = "https://files.pythonhosted.org/packages/a4/ea/112f33ace03682bafd4aaf0a3336da689b9834663e7032b3d678fd2902c9/duckdb-1.4.2-cp313-cp313-macosx_11_0_arm64.whl", hash = "sha256:43ac632f40ab1aede9b4ce3c09ea043f26f3db97b83c07c632c84ebd7f7c0f4a", size = 13733603, upload-time = "2025-11-12T13:17:20.884Z" },
    { url = "https://files.pythonhosted.org/packages/34/83/8d6f845a9a946e8b47b6253b9edb084c45670763e815feed6cfefc957e89/duckdb-1.4.2-cp313-cp313-manylinux_2_26_aarch64.manylinux_2_28_aarch64.whl", hash = "sha256:77db030b48321bf785767b7b1800bf657dd2584f6df0a77e05201ecd22017da2", size = 18473725, upload-time = "2025-11-12T13:17:23.074Z" },
    { url = "https://files.pythonhosted.org/packages/82/29/153d1b4fc14c68e6766d7712d35a7ab6272a801c52160126ac7df681f758/duckdb-1.4.2-cp313-cp313-manylinux_2_26_x86_64.manylinux_2_28_x86_64.whl", hash = "sha256:a456adbc3459c9dcd99052fad20bd5f8ef642be5b04d09590376b2eb3eb84f5c", size = 20481971, upload-time = "2025-11-12T13:17:26.703Z" },
    { url = "https://files.pythonhosted.org/packages/58/b7/8d3a58b5ebfb9e79ed4030a0f2fbd7e404c52602e977b1e7ab51651816c7/duckdb-1.4.2-cp313-cp313-win_amd64.whl", hash = "sha256:2f7c61617d2b1da3da5d7e215be616ad45aa3221c4b9e2c4d1c28ed09bc3c1c4", size = 12330535, upload-time = "2025-11-12T13:17:29.175Z" },
    { url = "https://files.pythonhosted.org/packages/25/46/0f316e4d0d6bada350b9da06691a2537c329c8948c78e8b5e0c4874bc5e2/duckdb-1.4.2-cp314-cp314-macosx_10_15_universal2.whl", hash = "sha256:422be8c6bdc98366c97f464b204b81b892bf962abeae6b0184104b8233da4f19", size = 29028616, upload-time = "2025-11-12T13:17:31.599Z" },
    { url = "https://files.pythonhosted.org/packages/82/ab/e04a8f97865251b544aee9501088d4f0cb8e8b37339bd465c0d33857d411/duckdb-1.4.2-cp314-cp314-macosx_10_15_x86_64.whl", hash = "sha256:459b1855bd06a226a2838da4f14c8863fd87a62e63d414a7f7f682a7c616511a", size = 15410382, upload-time = "2025-11-12T13:17:34.14Z" },
    { url = "https://files.pythonhosted.org/packages/47/ec/b8229517c2f9fe88a38bb1a172a2da4d0ff34996d319d74554fda80b6358/duckdb-1.4.2-cp314-cp314-macosx_11_0_arm64.whl", hash = "sha256:20c45b4ead1ea4d23a1be1cd4f1dfc635e58b55f0dd11e38781369be6c549903", size = 13737588, upload-time = "2025-11-12T13:17:36.515Z" },
    { url = "https://files.pythonhosted.org/packages/f2/9a/63d26da9011890a5b893e0c21845c0c0b43c634bf263af3bbca64be0db76/duckdb-1.4.2-cp314-cp314-manylinux_2_26_aarch64.manylinux_2_28_aarch64.whl", hash = "sha256:2e552451054534970dc999e69ca5ae5c606458548c43fb66d772117760485096", size = 18477886, upload-time = "2025-11-12T13:17:39.136Z" },
    { url = "https://files.pythonhosted.org/packages/23/35/b1fae4c5245697837f6f63e407fa81e7ccc7948f6ef2b124cd38736f4d1d/duckdb-1.4.2-cp314-cp314-manylinux_2_26_x86_64.manylinux_2_28_x86_64.whl", hash = "sha256:128c97dab574a438d7c8d020670b21c68792267d88e65a7773667b556541fa9b", size = 20483292, upload-time = "2025-11-12T13:17:41.501Z" },
    { url = "https://files.pythonhosted.org/packages/25/5e/6f5ebaabc12c6db62f471f86b5c9c8debd57f11aa1b2acbbcc4c68683238/duckdb-1.4.2-cp314-cp314-win_amd64.whl", hash = "sha256:dfcc56a83420c0dec0b83e97a6b33addac1b7554b8828894f9d203955591218c", size = 12830520, upload-time = "2025-11-12T13:17:43.93Z" },
]

[[package]]
name = "py4j"
version = "0.10.9.9"
source = { registry = "https://pypi.org/simple" }
sdist = { url = "https://files.pythonhosted.org/packages/38/31/0b210511177070c8d5d3059556194352e5753602fa64b85b7ab81ec1a009/py4j-0.10.9.9.tar.gz", hash = "sha256:f694cad19efa5bd1dee4f3e5270eb406613c974394035e5bfc4ec1aba870b879", size = 761089, upload-time = "2025-01-15T03:53:18.624Z" }
wheels = [
    { url = "https://files.pythonhosted.org/packages/bd/db/ea0203e495be491c85af87b66e37acfd3bf756fd985f87e46fc5e3bf022c/py4j-0.10.9.9-py2.py3-none-any.whl", hash = "sha256:c7c26e4158defb37b0bb124933163641a2ff6e3a3913f7811b0ddbe07ed61533", size = 203008, upload-time = "2025-01-15T03:53:15.648Z" },
]

[[package]]
name = "pyspark"
version = "4.0.1"
source = { registry = "https://pypi.org/simple" }
dependencies = [
    { name = "py4j" },
]
sdist = { url = "https://files.pythonhosted.org/packages/ae/40/1414582f16c1d7b051c668c2e19c62d21a18bd181d944cb24f5ddbb2423f/pyspark-4.0.1.tar.gz", hash = "sha256:9d1f22d994f60369228397e3479003ffe2dd736ba79165003246ff7bd48e2c73", size = 434204896, upload-time = "2025-09-06T07:15:57.091Z" }
