version = 1
revision = 3
requires-python = ">=3.13"

[[package]]
name = "2026-03-13-duckdb-iceberg-glue-v2"
version = "0.1.0"
source = { virtual = "." }
dependencies = [
    { name = "boto3" },
    { name = "duckdb" },
]

[package.metadata]
requires-dist = [
    { name = "boto3", specifier = ">=1.42.67" },
    { name = "duckdb", specifier = ">=1.5.0" },
]

[[package]]
name = "boto3"
version = "1.42.67"
source = { registry = "https://pypi.org/simple" }
dependencies = [
    { name = "botocore" },
    { name = "jmespath" },
    { name = "s3transfer" },
]
sdist = { url = "https://files.pythonhosted.org/packages/29/b3/3b5c929df4e46572d2721f0cef7b9fc85fc9d68b659b46df2724ad2606f6/boto3-1.42.67.tar.gz", hash = "sha256:d4123ceb3be36c5cb7ddccc7a7c43701e1fb6af612ef46e3b5d667daf5447d4b", size = 112820, upload-time = "2026-03-12T19:43:40.444Z" }
wheels = [
    { url = "https://files.pythonhosted.org/packages/bc/d8/41d7657896de9fe3ef666221180dcbcdc9e3f418b88084aba0c9abf0bb0a/boto3-1.42.67-py3-none-any.whl", hash = "sha256:aa900216bdc48bbd0115ed7128a4baed5548c6a60673160a38df8a8566df57cd", size = 140557, upload-time = "2026-03-12T19:43:38.174Z" },
]

[[package]]
name = "botocore"
version = "1.42.67"
source = { registry = "https://pypi.org/simple" }
dependencies = [
    { name = "jmespath" },
    { name = "python-dateutil" },
    { name = "urllib3" },
]
sdist = { url = "https://files.pythonhosted.org/packages/34/6a/0326ea8a726e9061d0aff941bc89ff93a1e832f492e6b3d7419301a56c1e/botocore-1.42.67.tar.gz", hash = "sha256:ee307f30fcb798d244fb35a87847b274e1e1f72cd5f7f2e31bd1826df0c45295", size = 14983149, upload-time = "2026-03-12T19:43:27.244Z" }
wheels = [
    { url = "https://files.pythonhosted.org/packages/fd/0b/cfe18326230476a0b8e3529609190448f2b46453469b07ae95fc57f90fc6/botocore-1.42.67-py3-none-any.whl", hash = "sha256:a94317d2ce83deae230964beb2729639455de65595d0154f285b0ccfd29780cd", size = 14655819, upload-time = "2026-03-12T19:43:21.952Z" },
]

[[package]]
name = "duckdb"
version = "1.5.0"
source = { registry = "https://pypi.org/simple" }
sdist = { url = "https://files.pythonhosted.org/packages/ee/11/e05a7eb73a373d523e45d83c261025e02bc31ebf868e6282c30c4d02cc59/duckdb-1.5.0.tar.gz", hash = "sha256:f974b61b1c375888ee62bc3125c60ac11c4e45e4457dd1bb31a8f8d3cf277edd", size = 17981141, upload-time = "2026-03-09T12:50:26.372Z" }
wheels = [
    { url = "https://files.pythonhosted.org/packages/35/5d/af5501221f42e4e3662c047ecec4dcd0761229fceeba3c67ad4d9d8741df/duckdb-1.5.0-cp313-cp313-macosx_10_13_universal2.whl", hash = "sha256:11dd05b827846c87f0ae2f67b9ae1d60985882a7c08ce855379e4a08d5be0e1d", size = 30057396, upload-time = "2026-03-09T12:49:39.95Z" },
    { url = "https://files.pythonhosted.org/packages/43/bd/a278d73fedbd3783bf9aedb09cad4171fe8e55bd522952a84f6849522eb6/duckdb-1.5.0-cp313-cp313-macosx_10_13_x86_64.whl", hash = "sha256:5ad8d9c91b7c280ab6811f59deff554b845706c20baa28c4e8f80a95690b252b", size = 15962700, upload-time = "2026-03-09T12:49:43.504Z" },
    { url = "https://files.pythonhosted.org/packages/76/fc/c916e928606946209c20fb50898dabf120241fb528a244e2bd8cde1bd9e2/duckdb-1.5.0-cp313-cp313-macosx_11_0_arm64.whl", hash = "sha256:0ee4dabe03ed810d64d93927e0fd18cd137060b81ee75dcaeaaff32cbc816656", size = 14220272, upload-time = "2026-03-09T12:49:46.867Z" },
    { url = "https://files.pythonhosted.org/packages/53/07/1390e69db922423b2e111e32ed342b3e8fad0a31c144db70681ea1ba4d56/duckdb-1.5.0-cp313-cp313-manylinux_2_26_aarch64.manylinux_2_28_aarch64.whl", hash = "sha256:9409ed1184b363ddea239609c5926f5148ee412b8d9e5ffa617718d755d942f6", size = 19244401, upload-time = "2026-03-09T12:49:49.865Z" },
    { url = "https://files.pythonhosted.org/packages/54/13/b58d718415cde993823a54952ea511d2612302f1d2bc220549d0cef752a4/duckdb-1.5.0-cp313-cp313-manylinux_2_26_x86_64.manylinux_2_28_x86_64.whl", hash = "sha256:1df8c4f9c853a45f3ec1e79ed7fe1957a203e5ec893bbbb853e727eb93e0090f", size = 21345827, upload-time = "2026-03-09T12:49:52.977Z" },
    { url = "https://files.pythonhosted.org/packages/e0/96/4460429651e371eb5ff745a4790e7fa0509c7a58c71fc4f0f893404c9646/duckdb-1.5.0-cp313-cp313-win_amd64.whl", hash = "sha256:9a3d3dfa2d8bc74008ce3ad9564761ae23505a9e4282f6a36df29bd87249620b", size = 13053101, upload-time = "2026-03-09T12:49:56.134Z" },
    { url = "https://files.pythonhosted.org/packages/ba/54/6d5b805113214b830fa3c267bb3383fb8febaa30760d0162ef59aadb110a/duckdb-1.5.0-cp313-cp313-win_arm64.whl", hash = "sha256:2deebcbafd9d39c04f31ec968f4dd7cee832c021e10d96b32ab0752453e247c8", size = 13865071, upload-time = "2026-03-09T12:49:59.282Z" },
    { url = "https://files.pythonhosted.org/packages/66/9f/dd806d4e8ecd99006eb240068f34e1054533da1857ad06ac726305cd102d/duckdb-1.5.0-cp314-cp314-macosx_10_15_universal2.whl", hash = "sha256:d4b618de670cd2271dd7b3397508c7b3c62d8ea70c592c755643211a6f9154fa", size = 30065704, upload-time = "2026-03-09T12:50:02.671Z" },
    { url = "https://files.pythonhosted.org/packages/79/c2/7b7b8a5c65d5535c88a513e267b5e6d7a55ab3e9b67e4ddd474454653268/duckdb-1.5.0-cp314-cp314-macosx_10_15_x86_64.whl", hash = "sha256:065ae50cb185bac4b904287df72e6b4801b3bee2ad85679576dd712b8ba07021", size = 15964883, upload-time = "2026-03-09T12:50:06.343Z" },
    { url = "https://files.pythonhosted.org/packages/23/c5/9a52a2cdb228b8d8d191a603254364d929274d9cc7d285beada8f7daa712/duckdb-1.5.0-cp314-cp314-macosx_11_0_arm64.whl", hash = "sha256:6be5e48e287a24d98306ce9dd55093c3b105a8fbd8a2e7a45e13df34bf081985", size = 14221498, upload-time = "2026-03-09T12:50:10.567Z" },
    { url = "https://files.pythonhosted.org/packages/b8/68/646045cb97982702a8a143dc2e45f3bdcb79fbe2d559a98d74b8c160e5e2/duckdb-1.5.0-cp314-cp314-manylinux_2_26_aarch64.manylinux_2_28_aarch64.whl", hash = "sha256:a5ee41a0bf793882f02192ce105b9a113c3e8c505a27c7ef9437d7b756317113", size = 19249787, upload-time = "2026-03-09T12:50:13.524Z" },
    { url = "https://files.pythonhosted.org/packages/15/1b/5abf0c7f38febb3b4a231c784223fceccfd3f2bfd957699d786f46e41ce6/duckdb-1.5.0-cp314-cp314-manylinux_2_26_x86_64.manylinux_2_28_x86_64.whl", hash = "sha256:f8e42aaf3cd217417c5dc9ff522dc3939d18b25a6fe5f846348277e831e6f59c", size = 21351583, upload-time = "2026-03-09T12:50:16.701Z" },
    { url = "https://files.pythonhosted.org/packages/93/a4/a90f2901cc0a1ce7ca4f0564b8492b9dbfe048a6395b27933d46ae9be473/duckdb-1.5.0-cp314-cp314-win_amd64.whl", hash = "sha256:11ae50aaeda2145b50294ee0247e4f11fb9448b3cc3d2aea1cfc456637dfb977", size = 13575130, upload-time = "2026-03-09T12:50:19.716Z" },
    { url = "https://files.pythonhosted.org/packages/64/aa/f14dd5e241ec80d9f9d82196ca65e0c53badfc8a7a619d5497c5626657ad/duckdb-1.5.0-cp314-cp314-win_arm64.whl", hash = "sha256:d6d2858c734d1a7e7a1b6e9b8403b3fce26dfefb4e0a2479c420fba6cd36db36", size = 14341879, upload-time = "2026-03-09T12:50:22.347Z" },
]

[[package]]
name = "jmespath"
version = "1.1.0"
source = { registry = "https://pypi.org/simple" }
sdist = { url = "https://files.pythonhosted.org/packages/d3/59/322338183ecda247fb5d1763a6cbe46eff7222eaeebafd9fa65d4bf5cb11/jmespath-1.1.0.tar.gz", hash = "sha256:472c87d80f36026ae83c6ddd0f1d05d4e510134ed462851fd5f754c8c3cbb88d", size = 27377, upload-time = "2026-01-22T16:35:26.279Z" }
wheels = [
    { url = "https://files.pythonhosted.org/packages/14/2f/967ba146e6d58cf6a652da73885f52fc68001525b4197effc174321d70b4/jmespath-1.1.0-py3-none-any.whl", hash = "sha256:a5663118de4908c91729bea0acadca56526eb2698e83de10cd116ae0f4e97c64", size = 20419, upload-time = "2026-01-22T16:35:24.919Z" },
]

[[package]]
name = "python-dateutil"
version = "2.9.0.post0"
source = { registry = "https://pypi.org/simple" }
dependencies = [
    { name = "six" },
]
sdist = { url = "https://files.pythonhosted.org/packages/66/c0/0c8b6ad9f17a802ee498c46e004a0eb49bc148f2fd230864601a86dcf6db/python-dateutil-2.9.0.post0.tar.gz", hash = "sha256:37dd54208da7e1cd875388217d5e00ebd4179249f90fb72437e91a35459a0ad3", size = 342432, upload-time = "2024-03-01T18:36:20.211Z" }
wheels = [
    { url = "https://files.pythonhosted.org/packages/ec/57/56b9bcc3c9c6a792fcbaf139543cee77261f3651ca9da0c93f5c1221264b/python_dateutil-2.9.0.post0-py2.py3-none-any.whl", hash = "sha256:a8b2bc7bffae282281c8140a97d3aa9c14da0b136dfe83f850eea9a5f7470427", size = 229892, upload-time = "2024-03-01T18:36:18.57Z" },
]

[[package]]
name = "s3transfer"
version = "0.16.0"
source = { registry = "https://pypi.org/simple" }
dependencies = [
    { name = "botocore" },
]
sdist = { url = "https://files.pythonhosted.org/packages/05/04/74127fc843314818edfa81b5540e26dd537353b123a4edc563109d8f17dd/s3transfer-0.16.0.tar.gz", hash = "sha256:8e990f13268025792229cd52fa10cb7163744bf56e719e0b9cb925ab79abf920", size = 153827, upload-time = "2025-12-01T02:30:59.114Z" }
wheels = [
    { url = "https://files.pythonhosted.org/packages/fc/51/727abb13f44c1fcf6d145979e1535a35794db0f6e450a0cb46aa24732fe2/s3transfer-0.16.0-py3-none-any.whl", hash = "sha256:18e25d66fed509e3868dc1572b3f427ff947dd2c56f844a5bf09481ad3f3b2fe", size = 86830, upload-time = "2025-12-01T02:30:57.729Z" },
]

[[package]]
name = "six"
version = "1.17.0"
source = { registry = "https://pypi.org/simple" }
sdist = { url = "https://files.pythonhosted.org/packages/94/e7/b2c673351809dca68a0e064b6af791aa332cf192da575fd474ed7d6f16a2/six-1.17.0.tar.gz", hash = "sha256:ff70335d468e7eb6ec65b95b99d3a2836546063f63acc5171de367e834932a81", size = 34031, upload-time = "2024-12-04T17:35:28.174Z" }
wheels = [
    { url = "https://files.pythonhosted.org/packages/b7/ce/149a00dd41f10bc29e5921b496af8b574d8413afcd5e30dfa0ed46c2cc5e/six-1.17.0-py2.py3-none-any.whl", hash = "sha256:4721f391ed90541fddacab5acf947aa0d3dc7d27b2e1e8eda2be8970586c3274", size = 11050, upload-time = "2024-12-04T17:35:26.475Z" },
]

[[package]]
name = "urllib3"
version = "2.6.3"
source = { registry = "https://pypi.org/simple" }
sdist = { url = "https://files.pythonhosted.org/packages/c7/24/5f1b3bdffd70275f6661c76461e25f024d5a38a46f04aaca912426a2b1d3/urllib3-2.6.3.tar.gz", hash = "sha256:1b62b6884944a57dbe321509ab94fd4d3b307075e0c2eae991ac71ee15ad38ed", size = 435556, upload-time = "2026-01-07T16:24:43.925Z" }
wheels = [
    { url = "https://files.pythonhosted.org/packages/39/08/aaaad47bc4e9dc8c725e68f9d04865dbcb2052843ff09c97b08904852d84/urllib3-2.6.3-py3-none-any.whl", hash = "sha256:bf272323e553dfb2e87d9bfd225ca7b0f467b919d7bbd355436d3fd37cb0acd4", size = 131584, upload-time = "2026-01-07T16:24:42.685Z" },
]
