
Microsoft Visual Studio Solution File, Format Version 11.00
# Visual Studio 2010
Project("{159641D6-6404-4A2A-AE62-294DE0FE8301}") = "EDIS", "EDIS.dtproj", "{E2973E71-3750-4F1E-ABBF-7539F31CACC1}"
EndProject
Global
	GlobalSection(SolutionConfigurationPlatforms) = preSolution
		Development|Default = Development|Default
	EndGlobalSection
	GlobalSection(ProjectConfigurationPlatforms) = postSolution
		{E2973E71-3750-4F1E-ABBF-7539F31CACC1}.Development|Default.ActiveCfg = Development
		{E2973E71-3750-4F1E-ABBF-7539F31CACC1}.Development|Default.Build.0 = Development
	EndGlobalSection
	GlobalSection(SolutionProperties) = preSolution
		HideSolutionNode = FALSE
	EndGlobalSection
EndGlobal
