version = 1
revision = 3
requires-python = ">=3.11"

[[package]]
name = "boto3"
version = "1.40.46"
source = { registry = "https://pypi.org/simple" }
dependencies = [
    { name = "botocore" },
    { name = "jmespath" },
    { name = "s3transfer" },
]
sdist = { url = "https://files.pythonhosted.org/packages/3c/21/200d23b5144fb2b9917b23924810b85ec6d5db45e0a5315ea1ad7d759170/boto3-1.40.46.tar.gz", hash = "sha256:3676767a03d84544b01b3390a2bbdc3b98479223661e90f0ba0b22f4d3f0cb9f", size = 111577, upload-time = "2025-10-06T20:20:14.775Z" }
wheels = [
    { url = "https://files.pythonhosted.org/packages/ae/d8/d7364fc8aa4ff7e1fa9afa17801d822feb0f21cf8a1b5808a0ce7ed4b40a/boto3-1.40.46-py3-none-any.whl", hash = "sha256:0dfdc13992ceac1ef36a3ab0ac281cd4a45210a53181dc9a71afabfc1db889fe", size = 139346, upload-time = "2025-10-06T20:20:12.497Z" },
]

[[package]]
name = "botocore"
version = "1.40.46"
source = { registry = "https://pypi.org/simple" }
dependencies = [
    { name = "jmespath" },
    { name = "python-dateutil" },
    { name = "urllib3" },
]
sdist = { url = "https://files.pythonhosted.org/packages/88/0d/479610d986aaba0379a6d40ec07e52826fd4d8fa3eb7745b60071f35d41a/botocore-1.40.46.tar.gz", hash = "sha256:4b0c0efdba788117ef365bf930c0be7300fa052e5e195ea3ed53ab278fc6d7b1", size = 14402476, upload-time = "2025-10-06T20:20:03.311Z" }
wheels = [
    { url = "https://files.pythonhosted.org/packages/66/9a/3d1a9f50ce8b264a88032f05d79e0a6bac2ba34212428c5569547b4169d3/botocore-1.40.46-py3-none-any.whl", hash = "sha256:d2c8e0d9ba804d6fd9b942db0aa3e6cfbdd9aab86581b472ee97809b6e5103e0", size = 14072131, upload-time = "2025-10-06T20:20:00.891Z" },
]

[[package]]
name = "duckdb"
version = "1.4.1"
source = { registry = "https://pypi.org/simple" }
sdist = { url = "https://files.pythonhosted.org/packages/ea/e7/21cf50a3d52ffceee1f0bcc3997fa96a5062e6bab705baee4f6c4e33cce5/duckdb-1.4.1.tar.gz", hash = "sha256:f903882f045d057ebccad12ac69975952832edfe133697694854bb784b8d6c76", size = 18461687, upload-time = "2025-10-07T10:37:28.605Z" }
wheels = [
    { url = "https://files.pythonhosted.org/packages/d9/52/606f13fa9669a24166d2fe523e28982d8ef9039874b4de774255c7806d1f/duckdb-1.4.1-cp311-cp311-macosx_10_9_universal2.whl", hash = "sha256:605d563c1d5203ca992497cd33fb386ac3d533deca970f9dcf539f62a34e22a9", size = 29065894, upload-time = "2025-10-07T10:36:29.837Z" },
    { url = "https://files.pythonhosted.org/packages/84/57/138241952ece868b9577e607858466315bed1739e1fbb47205df4dfdfd88/duckdb-1.4.1-cp311-cp311-macosx_10_9_x86_64.whl", hash = "sha256:d3305c7c4b70336171de7adfdb50431f23671c000f11839b580c4201d9ce6ef5", size = 16163720, upload-time = "2025-10-07T10:36:32.241Z" },
    { url = "https://files.pythonhosted.org/packages/a3/81/afa3a0a78498a6f4acfea75c48a70c5082032d9ac87822713d7c2d164af1/duckdb-1.4.1-cp311-cp311-macosx_11_0_arm64.whl", hash = "sha256:a063d6febbe34b32f1ad2e68822db4d0e4b1102036f49aaeeb22b844427a75df", size = 13756223, upload-time = "2025-10-07T10:36:34.673Z" },
    { url = "https://files.pythonhosted.org/packages/47/dd/5f6064fbd9248e37a3e806a244f81e0390ab8f989d231b584fb954f257fc/duckdb-1.4.1-cp311-cp311-manylinux_2_27_aarch64.manylinux_2_28_aarch64.whl", hash = "sha256:d1ffcaaf74f7d1df3684b54685cbf8d3ce732781c541def8e1ced304859733ae", size = 18487022, upload-time = "2025-10-07T10:36:36.759Z" },
    { url = "https://files.pythonhosted.org/packages/a1/10/b54969a1c42fd9344ad39228d671faceb8aa9f144b67cd9531a63551757f/duckdb-1.4.1-cp311-cp311-manylinux_2_27_x86_64.manylinux_2_28_x86_64.whl", hash = "sha256:685d3d1599dc08160e0fa0cf09e93ac4ff8b8ed399cb69f8b5391cd46b5b207c", size = 20491004, upload-time = "2025-10-07T10:36:39.318Z" },
    { url = "https://files.pythonhosted.org/packages/ed/d5/7332ae8f804869a4e895937821b776199a283f8d9fc775fd3ae5a0558099/duckdb-1.4.1-cp311-cp311-win_amd64.whl", hash = "sha256:78f1d28a15ae73bd449c43f80233732adffa49be1840a32de8f1a6bb5b286764", size = 12327619, upload-time = "2025-10-07T10:36:41.509Z" },
    { url = "https://files.pythonhosted.org/packages/0e/6c/906a3fe41cd247b5638866fc1245226b528de196588802d4df4df1e6e819/duckdb-1.4.1-cp312-cp312-macosx_10_13_universal2.whl", hash = "sha256:cd1765a7d180b7482874586859fc23bc9969d7d6c96ced83b245e6c6f49cde7f", size = 29076820, upload-time = "2025-10-07T10:36:43.782Z" },
    { url = "https://files.pythonhosted.org/packages/66/c7/01dd33083f01f618c2a29f6dd068baf16945b8cbdb132929d3766610bbbb/duckdb-1.4.1-cp312-cp312-macosx_10_13_x86_64.whl", hash = "sha256:8ed7a86725185470953410823762956606693c0813bb64e09c7d44dbd9253a64", size = 16167558, upload-time = "2025-10-07T10:36:46.003Z" },
    { url = "https://files.pythonhosted.org/packages/81/e2/f983b4b7ae1dfbdd2792dd31dee9a0d35f88554452cbfc6c9d65e22fdfa9/duckdb-1.4.1-cp312-cp312-macosx_11_0_arm64.whl", hash = "sha256:8a189bdfc64cfb9cc1adfbe4f2dcfde0a4992ec08505ad8ce33c886e4813f0bf", size = 13762226, upload-time = "2025-10-07T10:36:48.55Z" },
    { url = "https://files.pythonhosted.org/packages/ed/34/fb69a7be19b90f573b3cc890961be7b11870b77514769655657514f10a98/duckdb-1.4.1-cp312-cp312-manylinux_2_27_aarch64.manylinux_2_28_aarch64.whl", hash = "sha256:a9090089b6486f7319c92acdeed8acda022d4374032d78a465956f50fc52fabf", size = 18500901, upload-time = "2025-10-07T10:36:52.445Z" },
    { url = "https://files.pythonhosted.org/packages/e4/a5/1395d7b49d5589e85da9a9d7ffd8b50364c9d159c2807bef72d547f0ad1e/duckdb-1.4.1-cp312-cp312-manylinux_2_27_x86_64.manylinux_2_28_x86_64.whl", hash = "sha256:142552ea3e768048e0e8c832077a545ca07792631c59edaee925e3e67401c2a0", size = 20514177, upload-time = "2025-10-07T10:36:55.358Z" },
    { url = "https://files.pythonhosted.org/packages/c0/21/08f10706d30252753349ec545833fc0cea67c11abd0b5223acf2827f1056/duckdb-1.4.1-cp312-cp312-win_amd64.whl", hash = "sha256:567f3b3a785a9e8650612461893c49ca799661d2345a6024dda48324ece89ded", size = 12336422, upload-time = "2025-10-07T10:36:57.521Z" },
    { url = "https://files.pythonhosted.org/packages/d7/08/705988c33e38665c969f7876b3ca4328be578554aa7e3dc0f34158da3e64/duckdb-1.4.1-cp313-cp313-macosx_10_13_universal2.whl", hash = "sha256:46496a2518752ae0c6c5d75d4cdecf56ea23dd098746391176dd8e42cf157791", size = 29077070, upload-time = "2025-10-07T10:36:59.83Z" },
    { url = "https://files.pythonhosted.org/packages/99/c5/7c9165f1e6b9069441bcda4da1e19382d4a2357783d37ff9ae238c5c41ac/duckdb-1.4.1-cp313-cp313-macosx_10_13_x86_64.whl", hash = "sha256:1c65ae7e9b541cea07d8075343bcfebdecc29a3c0481aa6078ee63d51951cfcd", size = 16167506, upload-time = "2025-10-07T10:37:02.24Z" },
    { url = "https://files.pythonhosted.org/packages/38/46/267f4a570a0ee3ae6871ddc03435f9942884284e22a7ba9b7cb252ee69b6/duckdb-1.4.1-cp313-cp313-macosx_11_0_arm64.whl", hash = "sha256:598d1a314e34b65d9399ddd066ccce1eeab6a60a2ef5885a84ce5ed62dbaf729", size = 13762330, upload-time = "2025-10-07T10:37:04.581Z" },
    { url = "https://files.pythonhosted.org/packages/15/7b/c4f272a40c36d82df20937d93a1780eb39ab0107fe42b62cba889151eab9/duckdb-1.4.1-cp313-cp313-manylinux_2_27_aarch64.manylinux_2_28_aarch64.whl", hash = "sha256:e2f16b8def782d484a9f035fc422bb6f06941ed0054b4511ddcdc514a7fb6a75", size = 18504687, upload-time = "2025-10-07T10:37:06.991Z" },
    { url = "https://files.pythonhosted.org/packages/17/fc/9b958751f0116d7b0406406b07fa6f5a10c22d699be27826d0b896f9bf51/duckdb-1.4.1-cp313-cp313-manylinux_2_27_x86_64.manylinux_2_28_x86_64.whl", hash = "sha256:a5a7d0aed068a5c33622a8848857947cab5cfb3f2a315b1251849bac2c74c492", size = 20513823, upload-time = "2025-10-07T10:37:09.349Z" },
    { url = "https://files.pythonhosted.org/packages/30/79/4f544d73fcc0513b71296cb3ebb28a227d22e80dec27204977039b9fa875/duckdb-1.4.1-cp313-cp313-win_amd64.whl", hash = "sha256:280fd663dacdd12bb3c3bf41f3e5b2e5b95e00b88120afabb8b8befa5f335c6f", size = 12336460, upload-time = "2025-10-07T10:37:12.154Z" },
]

[[package]]
name = "jmespath"
version = "1.0.1"
source = { registry = "https://pypi.org/simple" }
sdist = { url = "https://files.pythonhosted.org/packages/00/2a/e867e8531cf3e36b41201936b7fa7ba7b5702dbef42922193f05c8976cd6/jmespath-1.0.1.tar.gz", hash = "sha256:90261b206d6defd58fdd5e85f478bf633a2901798906be2ad389150c5c60edbe", size = 25843, upload-time = "2022-06-17T18:00:12.224Z" }
wheels = [
    { url = "https://files.pythonhosted.org/packages/31/b4/b9b800c45527aadd64d5b442f9b932b00648617eb5d63d2c7a6587b7cafc/jmespath-1.0.1-py3-none-any.whl", hash = "sha256:02e2e4cc71b5bcab88332eebf907519190dd9e6e82107fa7f83b1003a6252980", size = 20256, upload-time = "2022-06-17T18:00:10.251Z" },
]

[[package]]
name = "py4j"
version = "0.10.9.7"
source = { registry = "https://pypi.org/simple" }
sdist = { url = "https://files.pythonhosted.org/packages/1e/f2/b34255180c72c36ff7097f7c2cdca02abcbd89f5eebf7c7c41262a9a0637/py4j-0.10.9.7.tar.gz", hash = "sha256:0b6e5315bb3ada5cf62ac651d107bb2ebc02def3dee9d9548e3baac644ea8dbb", size = 1508234, upload-time = "2022-08-12T22:49:09.792Z" }
wheels = [
    { url = "https://files.pythonhosted.org/packages/10/30/a58b32568f1623aaad7db22aa9eafc4c6c194b429ff35bdc55ca2726da47/py4j-0.10.9.7-py2.py3-none-any.whl", hash = "sha256:85defdfd2b2376eb3abf5ca6474b51ab7e0de341c75a02f46dc9b5976f5a5c1b", size = 200481, upload-time = "2022-08-12T22:49:07.05Z" },
]

[[package]]
name = "pyspark"
version = "3.5.4"
source = { registry = "https://pypi.org/simple" }
dependencies = [
    { name = "py4j" },
]
sdist = { url = "https://files.pythonhosted.org/packages/4e/18/6bb8c4e857122fc898f32336cb6e9e98415a7802c2a3738e907b4bd60953/pyspark-3.5.4.tar.gz", hash = "sha256:1c2926d63020902163f58222466adf6f8016f6c43c1f319b8e7a71dbaa05fc51", size = 317313656, upload-time = "2024-12-20T14:34:41.128Z" }

[[package]]
name = "python-dateutil"
version = "2.9.0.post0"
source = { registry = "https://pypi.org/simple" }
dependencies = [
    { name = "six" },
]
sdist = { url = "https://files.pythonhosted.org/packages/66/c0/0c8b6ad9f17a802ee498c46e004a0eb49bc148f2fd230864601a86dcf6db/python-dateutil-2.9.0.post0.tar.gz", hash = "sha256:37dd54208da7e1cd875388217d5e00ebd4179249f90fb72437e91a35459a0ad3", size = 342432, upload-time = "2024-03-01T18:36:20.211Z" }
wheels = [
    { url = "https://files.pythonhosted.org/packages/ec/57/56b9bcc3c9c6a792fcbaf139543cee77261f3651ca9da0c93f5c1221264b/python_dateutil-2.9.0.post0-py2.py3-none-any.whl", hash = "sha256:a8b2bc7bffae282281c8140a97d3aa9c14da0b136dfe83f850eea9a5f7470427", size = 229892, upload-time = "2024-03-01T18:36:18.57Z" },
]

[[package]]
name = "s3transfer"
version = "0.14.0"
source = { registry = "https://pypi.org/simple" }
dependencies = [
    { name = "botocore" },
]
sdist = { url = "https://files.pythonhosted.org/packages/62/74/8d69dcb7a9efe8baa2046891735e5dfe433ad558ae23d9e3c14c633d1d58/s3transfer-0.14.0.tar.gz", hash = "sha256:eff12264e7c8b4985074ccce27a3b38a485bb7f7422cc8046fee9be4983e4125", size = 151547, upload-time = "2025-09-09T19:23:31.089Z" }
wheels = [
    { url = "https://files.pythonhosted.org/packages/48/f0/ae7ca09223a81a1d890b2557186ea015f6e0502e9b8cb8e1813f1d8cfa4e/s3transfer-0.14.0-py3-none-any.whl", hash = "sha256:ea3b790c7077558ed1f02a3072fb3cb992bbbd253392f4b6e9e8976941c7d456", size = 85712, upload-time = "2025-09-09T19:23:30.041Z" },
]

[[package]]
name = "six"
version = "1.17.0"
source = { registry = "https://pypi.org/simple" }
sdist = { url = "https://files.pythonhosted.org/packages/94/e7/b2c673351809dca68a0e064b6af791aa332cf192da575fd474ed7d6f16a2/six-1.17.0.tar.gz", hash = "sha256:ff70335d468e7eb6ec65b95b99d3a2836546063f63acc5171de367e834932a81", size = 34031, upload-time = "2024-12-04T17:35:28.174Z" }
wheels = [
    { url = "https://files.pythonhosted.org/packages/b7/ce/149a00dd41f10bc29e5921b496af8b574d8413afcd5e30dfa0ed46c2cc5e/six-1.17.0-py2.py3-none-any.whl", hash = "sha256:4721f391ed90541fddacab5acf947aa0d3dc7d27b2e1e8eda2be8970586c3274", size = 11050, upload-time = "2024-12-04T17:35:26.475Z" },
]

[[package]]
name = "spark-s3"
version = "0.1.0"
source = { virtual = "." }
dependencies = [
    { name = "boto3" },
    { name = "duckdb" },
    { name = "pyspark" },
]

[package.metadata]
requires-dist = [
    { name = "boto3", specifier = ">=1.40.46" },
    { name = "duckdb", specifier = ">=1.4.1" },
    { name = "pyspark", specifier = "==3.5.4" },
]

[[package]]
name = "urllib3"
version = "2.5.0"
source = { registry = "https://pypi.org/simple" }
sdist = { url = "https://files.pythonhosted.org/packages/15/22/9ee70a2574a4f4599c47dd506532914ce044817c7752a79b6a51286319bc/urllib3-2.5.0.tar.gz", hash = "sha256:3fc47733c7e419d4bc3f6b3dc2b4f890bb743906a30d56ba4a5bfa4bbff92760", size = 393185, upload-time = "2025-06-18T14:07:41.644Z" }
wheels = [
    { url = "https://files.pythonhosted.org/packages/a7/c2/fe1e52489ae3122415c51f387e221dd0773709bad6c6cdaa599e8a2c5185/urllib3-2.5.0-py3-none-any.whl", hash = "sha256:e6b01673c0fa6a13e374b50871808eb3bf7046c4b125b216f6bf1cc604cff0dc", size = 129795, upload-time = "2025-06-18T14:07:40.39Z" },
]
