version = 1
revision = 3
requires-python = ">=3.11"

[[package]]
name = "boto3"
version = "1.42.88"
source = { registry = "https://pypi.org/simple" }
dependencies = [
    { name = "botocore" },
    { name = "jmespath" },
    { name = "s3transfer" },
]
sdist = { url = "https://files.pythonhosted.org/packages/da/bb/7d4435cca6fccf235dd40c891c731bcb9078e815917b57ebadd1e0ffabaf/boto3-1.42.88.tar.gz", hash = "sha256:2d22c70de5726918676a06f1a03acfb4d5d9ea92fc759354800b67b22aaeef19", size = 113238, upload-time = "2026-04-10T19:41:06.912Z" }
wheels = [
    { url = "https://files.pythonhosted.org/packages/0a/2b/8bfddb39a19f5fbc16a869f1a394771e6223f07160dbc0ff6b38e05ea0ae/boto3-1.42.88-py3-none-any.whl", hash = "sha256:2d0f52c971503377e4370d2a83edee6f077ddb8e684366ff38df4f13581d9cfc", size = 140557, upload-time = "2026-04-10T19:41:05.309Z" },
]

[[package]]
name = "botocore"
version = "1.42.88"
source = { registry = "https://pypi.org/simple" }
dependencies = [
    { name = "jmespath" },
    { name = "python-dateutil" },
    { name = "urllib3" },
]
sdist = { url = "https://files.pythonhosted.org/packages/93/50/87966238f7aa3f7e5f87081185d5a407a95ede8b551e11bbe134ca3306dc/botocore-1.42.88.tar.gz", hash = "sha256:cbb59ee464662039b0c2c95a520cdf85b1e8ce00b72375ab9cd9f842cc001301", size = 15195331, upload-time = "2026-04-10T19:40:57.012Z" }
wheels = [
    { url = "https://files.pythonhosted.org/packages/2a/46/ad14e41245adb8b0c83663ba13e822b68a0df08999dd250e75b0750fdf6c/botocore-1.42.88-py3-none-any.whl", hash = "sha256:032375b213305b6b81eedb269eaeefdf96f674620799bbf96117dca86052cc1a", size = 14876640, upload-time = "2026-04-10T19:40:53.663Z" },
]

[[package]]
name = "duckdb"
version = "1.5.1"
source = { registry = "https://pypi.org/simple" }
sdist = { url = "https://files.pythonhosted.org/packages/ae/62/590caabec6c41003f46a244b6fd707d35ca2e552e0c70cbf454e08bf6685/duckdb-1.5.1.tar.gz", hash = "sha256:b370d1620a34a4538ef66524fcee9de8171fa263c701036a92bc0b4c1f2f9c6d", size = 17995082, upload-time = "2026-03-23T12:12:15.894Z" }
wheels = [
    { url = "https://files.pythonhosted.org/packages/42/3e/827ffcf58f0abc6ad6dcf826c5d24ebfc65e03ad1a20d74cad9806f91c99/duckdb-1.5.1-cp311-cp311-macosx_10_9_universal2.whl", hash = "sha256:bc7ca6a1a40e7e4c933017e6c09ef18032add793df4e42624c6c0c87e0bebdad", size = 30067835, upload-time = "2026-03-23T12:10:34.026Z" },
    { url = "https://files.pythonhosted.org/packages/04/b5/e921ecf8a7e0cc7da2100c98bef64b3da386df9444f467d6389364851302/duckdb-1.5.1-cp311-cp311-macosx_10_9_x86_64.whl", hash = "sha256:446d500a2977c6ae2077f340c510a25956da5c77597175c316edfa87248ceda3", size = 15970464, upload-time = "2026-03-23T12:10:42.063Z" },
    { url = "https://files.pythonhosted.org/packages/dd/da/ed804006cd09ba303389d573c8b15d74220667cbd1fd990c26e98d0e0a5b/duckdb-1.5.1-cp311-cp311-macosx_11_0_arm64.whl", hash = "sha256:b8b0808dba0c63b7633bdaefb34e08fe0612622224f9feb0e7518904b1615101", size = 14222994, upload-time = "2026-03-23T12:10:45.162Z" },
    { url = "https://files.pythonhosted.org/packages/b3/43/c904d81a61306edab81a9d74bb37bbe65679639abb7030d4c4fec9ed84f7/duckdb-1.5.1-cp311-cp311-manylinux_2_26_aarch64.manylinux_2_28_aarch64.whl", hash = "sha256:553c273a6a8f140adaa6da6a6135c7f95bdc8c2e5f95252fcdf9832d758e2141", size = 19244880, upload-time = "2026-03-23T12:10:48.529Z" },
    { url = "https://files.pythonhosted.org/packages/50/db/358715d677bfe5e117d9e1f2d6cc2fc2b0bd621144d1f15335b8b59f95d7/duckdb-1.5.1-cp311-cp311-manylinux_2_26_x86_64.manylinux_2_28_x86_64.whl", hash = "sha256:40c5220ec93790b18ec6278da9c6ac2608d997ee6d6f7cd44c5c3992764e8e71", size = 21350874, upload-time = "2026-03-23T12:10:52.095Z" },
    { url = "https://files.pythonhosted.org/packages/3f/db/fd647ce46315347976f5576a279bacb8134d23b1f004bd0bcda7ce9cf429/duckdb-1.5.1-cp311-cp311-win_amd64.whl", hash = "sha256:36e8e32621a9e2a9abe75dc15a4b54a3997f2d8b1e53ad754bae48a083c91130", size = 13068140, upload-time = "2026-03-23T12:10:55.622Z" },
    { url = "https://files.pythonhosted.org/packages/27/95/e29d42792707619da5867ffab338d7e7b086242c7296aa9cfc6dcf52d568/duckdb-1.5.1-cp311-cp311-win_arm64.whl", hash = "sha256:5ae7c0d744d64e2753149634787cc4ab60f05ef1e542b060eeab719f3cdb7723", size = 13908823, upload-time = "2026-03-23T12:10:58.572Z" },
    { url = "https://files.pythonhosted.org/packages/3f/06/be4c62f812c6e23898733073ace0482eeb18dffabe0585d63a3bf38bca1e/duckdb-1.5.1-cp312-cp312-macosx_10_13_universal2.whl", hash = "sha256:6f7361d66cc801d9eb4df734b139cd7b0e3c257a16f3573ebd550ddb255549e6", size = 30113703, upload-time = "2026-03-23T12:11:02.536Z" },
    { url = "https://files.pythonhosted.org/packages/44/03/1794dcdda75ff203ab0982ff7eb5232549b58b9af66f243f1b7212d6d6be/duckdb-1.5.1-cp312-cp312-macosx_10_13_x86_64.whl", hash = "sha256:0a6acc2040bec1f05de62a2f3f68f4c12f3ec7d6012b4317d0ab1a195af26225", size = 15991802, upload-time = "2026-03-23T12:11:06.321Z" },
    { url = "https://files.pythonhosted.org/packages/87/03/293bccd838a293d42ea26dec7f4eb4f58b57b6c9ffcfabc6518a5f20a24a/duckdb-1.5.1-cp312-cp312-macosx_11_0_arm64.whl", hash = "sha256:ed6d23a3f806898e69c77430ebd8da0c79c219f97b9acbc9a29a653e09740c59", size = 14246803, upload-time = "2026-03-23T12:11:09.624Z" },
    { url = "https://files.pythonhosted.org/packages/15/2c/7b4f11879aa2924838168b4640da999dccda1b4a033d43cb998fd6dc33ea/duckdb-1.5.1-cp312-cp312-manylinux_2_26_aarch64.manylinux_2_28_aarch64.whl", hash = "sha256:6af347debc8b721aa72e48671166282da979d5e5ae52dbc660ab417282b48e23", size = 19271654, upload-time = "2026-03-23T12:11:13.354Z" },
    { url = "https://files.pythonhosted.org/packages/6f/d6/8f9a6b1fbcc669108ec6a4d625a70be9e480b437ed9b70cd56b78cd577a6/duckdb-1.5.1-cp312-cp312-manylinux_2_26_x86_64.manylinux_2_28_x86_64.whl", hash = "sha256:8150c569b2aa4573b51ba8475e814aa41fd53a3d510c1ffb96f1139f46faf611", size = 21386100, upload-time = "2026-03-23T12:11:16.758Z" },
    { url = "https://files.pythonhosted.org/packages/c4/fe/8d02c6473273468cf8d43fd5d73c677f8cdfcd036c1e884df0613f124c2b/duckdb-1.5.1-cp312-cp312-win_amd64.whl", hash = "sha256:054ad424b051b334052afac58cb216f3b1ebb8579fc8c641e60f0182e8725ea9", size = 13083506, upload-time = "2026-03-23T12:11:19.785Z" },
    { url = "https://files.pythonhosted.org/packages/96/0b/2be786b9c153eb263bf5d3d5f7ab621b14a715d7e70f92b24ecf8536369e/duckdb-1.5.1-cp312-cp312-win_arm64.whl", hash = "sha256:6ba302115f63f6482c000ccfd62efdb6c41d9d182a5bcd4a90e7ab8cd13856eb", size = 13888862, upload-time = "2026-03-23T12:11:22.84Z" },
    { url = "https://files.pythonhosted.org/packages/a5/f2/af476945e3b97417945b0f660b5efa661863547c0ea104251bb6387342b1/duckdb-1.5.1-cp313-cp313-macosx_10_13_universal2.whl", hash = "sha256:26e56b5f0c96189e3288d83cf7b476e23615987902f801e5788dee15ee9f24a9", size = 30113759, upload-time = "2026-03-23T12:11:26.5Z" },
    { url = "https://files.pythonhosted.org/packages/fe/9d/5a542b3933647369e601175190093597ce0ac54909aea0dd876ec51ffad4/duckdb-1.5.1-cp313-cp313-macosx_10_13_x86_64.whl", hash = "sha256:972d0dbf283508f9bc446ee09c3838cb7c7f114b5bdceee41753288c97fe2f7c", size = 15991463, upload-time = "2026-03-23T12:11:30.025Z" },
    { url = "https://files.pythonhosted.org/packages/53/a5/b59cff67f5e0420b8f337ad86406801cffacae219deed83961dcceefda67/duckdb-1.5.1-cp313-cp313-macosx_11_0_arm64.whl", hash = "sha256:482f8a13f2600f527e427f73c42b5aa75536f9892868068f0aaf573055a0135f", size = 14246482, upload-time = "2026-03-23T12:11:33.33Z" },
    { url = "https://files.pythonhosted.org/packages/e9/12/d72a82fe502aae82b97b481bf909be8e22db5a403290799ad054b4f90eb4/duckdb-1.5.1-cp313-cp313-manylinux_2_26_aarch64.manylinux_2_28_aarch64.whl", hash = "sha256:da137802688190835b4c863cafa77fd7e29dff662ee6d905a9ffc14f00299c91", size = 19270816, upload-time = "2026-03-23T12:11:36.79Z" },
    { url = "https://files.pythonhosted.org/packages/f9/c3/ee49319b15f139e04c067378f0e763f78336fbab38ba54b0852467dd9da4/duckdb-1.5.1-cp313-cp313-manylinux_2_26_x86_64.manylinux_2_28_x86_64.whl", hash = "sha256:5d4147422d91ccdc2d2abf6ed24196025e020259d1d267970ae20c13c2ce84b1", size = 21385695, upload-time = "2026-03-23T12:11:40.465Z" },
    { url = "https://files.pythonhosted.org/packages/a8/f5/a15498e75a27a136c791ca1889beade96d388dadf9811375db155fc96d1a/duckdb-1.5.1-cp313-cp313-win_amd64.whl", hash = "sha256:05fc91767d0cfc4cf2fa68966ab5b479ac07561752e42dd0ae30327bd160f64a", size = 13084065, upload-time = "2026-03-23T12:11:43.763Z" },
    { url = "https://files.pythonhosted.org/packages/93/81/b3612d2bbe237f75791095e16767c61067ea5d31c76e8591c212dac13bd0/duckdb-1.5.1-cp313-cp313-win_arm64.whl", hash = "sha256:a28531cee2a5a42d89f9ba4da53bfeb15681f12acc0263476c8705380dadce07", size = 13892892, upload-time = "2026-03-23T12:11:47.222Z" },
    { url = "https://files.pythonhosted.org/packages/ad/75/e9e7893542ca738bcde2d41d459e3438950219c71c57ad28b049dc2ae616/duckdb-1.5.1-cp314-cp314-macosx_10_15_universal2.whl", hash = "sha256:eba81e0b3011c1f23df7ea47ef4ffaa8239817959ae291515b6efd068bde2161", size = 30123677, upload-time = "2026-03-23T12:11:51.511Z" },
    { url = "https://files.pythonhosted.org/packages/df/db/f7420ee7109a922124c02f377ae1c56156e9e4aa434f4726848adaef0219/duckdb-1.5.1-cp314-cp314-macosx_10_15_x86_64.whl", hash = "sha256:afab8b4b1f4469c3879bb049dd039f8fce402712050324e9524a43d7324c5e87", size = 15996808, upload-time = "2026-03-23T12:11:54.964Z" },
    { url = "https://files.pythonhosted.org/packages/df/57/2c4c3de1f1110417592741863ba58b4eca2f7690a421712762ddbdcd72e6/duckdb-1.5.1-cp314-cp314-macosx_11_0_arm64.whl", hash = "sha256:71dddcebbc5a70e946a06c30b59b5dd7999c9833d307168f90fb4e4b672ab63e", size = 14248990, upload-time = "2026-03-23T12:11:58.576Z" },
    { url = "https://files.pythonhosted.org/packages/2b/81/e173b33ffac53124a3e39e97fb60a538f26651a0df6e393eb9bf7540126c/duckdb-1.5.1-cp314-cp314-manylinux_2_26_aarch64.manylinux_2_28_aarch64.whl", hash = "sha256:ac2804043bd1bc10b5da18f8f4c706877197263a510c41be9b4c0062f5783dcc", size = 19276013, upload-time = "2026-03-23T12:12:02.034Z" },
    { url = "https://files.pythonhosted.org/packages/d4/4c/47e838393aa90d3d78549c8c04cb09452efeb14aaae0ee24dc0bd61c3a41/duckdb-1.5.1-cp314-cp314-manylinux_2_26_x86_64.manylinux_2_28_x86_64.whl", hash = "sha256:8843bd9594e1387f1e601439e19ad73abdf57356104fd1e53a708255bb95a13d", size = 21387569, upload-time = "2026-03-23T12:12:05.693Z" },
    { url = "https://files.pythonhosted.org/packages/f4/9b/ce65743e0e85f5c984d2f7e8a81bc908d0bac345d6d8b6316436b29430e7/duckdb-1.5.1-cp314-cp314-win_amd64.whl", hash = "sha256:d68c5a01a283cb13b79eafe016fe5869aa11bff8c46e7141c70aa0aac808010f", size = 13603876, upload-time = "2026-03-23T12:12:09.344Z" },
    { url = "https://files.pythonhosted.org/packages/e6/ac/f9e4e731635192571f86f52d86234f537c7f8ca4f6917c56b29051c077ef/duckdb-1.5.1-cp314-cp314-win_arm64.whl", hash = "sha256:a3be2072315982e232bfe49c9d3db0a59ba67b2240a537ef42656cc772a887c7", size = 14370790, upload-time = "2026-03-23T12:12:12.497Z" },
]

[[package]]
name = "jmespath"
version = "1.1.0"
source = { registry = "https://pypi.org/simple" }
sdist = { url = "https://files.pythonhosted.org/packages/d3/59/322338183ecda247fb5d1763a6cbe46eff7222eaeebafd9fa65d4bf5cb11/jmespath-1.1.0.tar.gz", hash = "sha256:472c87d80f36026ae83c6ddd0f1d05d4e510134ed462851fd5f754c8c3cbb88d", size = 27377, upload-time = "2026-01-22T16:35:26.279Z" }
wheels = [
    { url = "https://files.pythonhosted.org/packages/14/2f/967ba146e6d58cf6a652da73885f52fc68001525b4197effc174321d70b4/jmespath-1.1.0-py3-none-any.whl", hash = "sha256:a5663118de4908c91729bea0acadca56526eb2698e83de10cd116ae0f4e97c64", size = 20419, upload-time = "2026-01-22T16:35:24.919Z" },
]

[[package]]
name = "module-1-basics"
version = "0.1.0"
source = { virtual = "." }
dependencies = [
    { name = "boto3" },
    { name = "duckdb" },
]

[package.metadata]
requires-dist = [
    { name = "boto3", specifier = ">=1.42.88" },
    { name = "duckdb", specifier = ">=1.5.1" },
]

[[package]]
name = "python-dateutil"
version = "2.9.0.post0"
source = { registry = "https://pypi.org/simple" }
dependencies = [
    { name = "six" },
]
sdist = { url = "https://files.pythonhosted.org/packages/66/c0/0c8b6ad9f17a802ee498c46e004a0eb49bc148f2fd230864601a86dcf6db/python-dateutil-2.9.0.post0.tar.gz", hash = "sha256:37dd54208da7e1cd875388217d5e00ebd4179249f90fb72437e91a35459a0ad3", size = 342432, upload-time = "2024-03-01T18:36:20.211Z" }
wheels = [
    { url = "https://files.pythonhosted.org/packages/ec/57/56b9bcc3c9c6a792fcbaf139543cee77261f3651ca9da0c93f5c1221264b/python_dateutil-2.9.0.post0-py2.py3-none-any.whl", hash = "sha256:a8b2bc7bffae282281c8140a97d3aa9c14da0b136dfe83f850eea9a5f7470427", size = 229892, upload-time = "2024-03-01T18:36:18.57Z" },
]

[[package]]
name = "s3transfer"
version = "0.16.0"
source = { registry = "https://pypi.org/simple" }
dependencies = [
    { name = "botocore" },
]
sdist = { url = "https://files.pythonhosted.org/packages/05/04/74127fc843314818edfa81b5540e26dd537353b123a4edc563109d8f17dd/s3transfer-0.16.0.tar.gz", hash = "sha256:8e990f13268025792229cd52fa10cb7163744bf56e719e0b9cb925ab79abf920", size = 153827, upload-time = "2025-12-01T02:30:59.114Z" }
wheels = [
    { url = "https://files.pythonhosted.org/packages/fc/51/727abb13f44c1fcf6d145979e1535a35794db0f6e450a0cb46aa24732fe2/s3transfer-0.16.0-py3-none-any.whl", hash = "sha256:18e25d66fed509e3868dc1572b3f427ff947dd2c56f844a5bf09481ad3f3b2fe", size = 86830, upload-time = "2025-12-01T02:30:57.729Z" },
]

[[package]]
name = "six"
version = "1.17.0"
source = { registry = "https://pypi.org/simple" }
sdist = { url = "https://files.pythonhosted.org/packages/94/e7/b2c673351809dca68a0e064b6af791aa332cf192da575fd474ed7d6f16a2/six-1.17.0.tar.gz", hash = "sha256:ff70335d468e7eb6ec65b95b99d3a2836546063f63acc5171de367e834932a81", size = 34031, upload-time = "2024-12-04T17:35:28.174Z" }
wheels = [
    { url = "https://files.pythonhosted.org/packages/b7/ce/149a00dd41f10bc29e5921b496af8b574d8413afcd5e30dfa0ed46c2cc5e/six-1.17.0-py2.py3-none-any.whl", hash = "sha256:4721f391ed90541fddacab5acf947aa0d3dc7d27b2e1e8eda2be8970586c3274", size = 11050, upload-time = "2024-12-04T17:35:26.475Z" },
]

[[package]]
name = "urllib3"
version = "2.6.3"
source = { registry = "https://pypi.org/simple" }
sdist = { url = "https://files.pythonhosted.org/packages/c7/24/5f1b3bdffd70275f6661c76461e25f024d5a38a46f04aaca912426a2b1d3/urllib3-2.6.3.tar.gz", hash = "sha256:1b62b6884944a57dbe321509ab94fd4d3b307075e0c2eae991ac71ee15ad38ed", size = 435556, upload-time = "2026-01-07T16:24:43.925Z" }
wheels = [
    { url = "https://files.pythonhosted.org/packages/39/08/aaaad47bc4e9dc8c725e68f9d04865dbcb2052843ff09c97b08904852d84/urllib3-2.6.3-py3-none-any.whl", hash = "sha256:bf272323e553dfb2e87d9bfd225ca7b0f467b919d7bbd355436d3fd37cb0acd4", size = 131584, upload-time = "2026-01-07T16:24:42.685Z" },
]
