
Microsoft Visual Studio Solution File, Format Version 12.00
# Visual Studio 14
VisualStudioVersion = 14.0.24720.0
MinimumVisualStudioVersion = 10.0.40219.1
Project("{F184B08F-C81C-45F6-A57F-5ABD9991F28F}") = "WindowsApplication1", "WindowsApplication1.vbproj", "{EF12EA1E-73B3-4595-B94A-ED03328E8291}"
EndProject
Global
	GlobalSection(SolutionConfigurationPlatforms) = preSolution
		Debug|Any CPU = Debug|Any CPU
		Release|Any CPU = Release|Any CPU
	EndGlobalSection
	GlobalSection(ProjectConfigurationPlatforms) = postSolution
		{EF12EA1E-73B3-4595-B94A-ED03328E8291}.Debug|Any CPU.ActiveCfg = Debug|Any CPU
		{EF12EA1E-73B3-4595-B94A-ED03328E8291}.Debug|Any CPU.Build.0 = Debug|Any CPU
		{EF12EA1E-73B3-4595-B94A-ED03328E8291}.Release|Any CPU.ActiveCfg = Release|Any CPU
		{EF12EA1E-73B3-4595-B94A-ED03328E8291}.Release|Any CPU.Build.0 = Release|Any CPU
	EndGlobalSection
	GlobalSection(SolutionProperties) = preSolution
		HideSolutionNode = FALSE
	EndGlobalSection
	GlobalSection(TeamFoundationVersionControl) = preSolution
		SccNumberOfProjects = 2
		SccEnterpriseProvider = {4CA58AB2-18FA-4F8D-95D4-32DDF27D184C}
		SccTeamFoundationServer = https://mattmartin14.visualstudio.com/defaultcollection
		SccLocalPath0 = .
		SccProjectUniqueName1 = WindowsApplication1.vbproj
		SccLocalPath1 = .
	EndGlobalSection
EndGlobal
